
Microsoft Visual Studio Solution File, Format Version 12.00
# Visual Studio 15
VisualStudioVersion = 15.0.28307.1525
MinimumVisualStudioVersion = 10.0.40219.1
Project("{FAE04EC0-301F-11D3-BF4B-00C04F79EFBC}") = "Rss_Test", "Rss_Test\Rss_Test.csproj", "{E6EA4289-C809-4B0D-A616-6D3F0E8885C4}"
EndProject
Global
	GlobalSection(SolutionConfigurationPlatforms) = preSolution
		Debug|Any CPU = Debug|Any CPU
		Release|Any CPU = Release|Any CPU
	EndGlobalSection
	GlobalSection(ProjectConfigurationPlatforms) = postSolution
		{E6EA4289-C809-4B0D-A616-6D3F0E8885C4}.Debug|Any CPU.ActiveCfg = Debug|Any CPU
		{E6EA4289-C809-4B0D-A616-6D3F0E8885C4}.Debug|Any CPU.Build.0 = Debug|Any CPU
		{E6EA4289-C809-4B0D-A616-6D3F0E8885C4}.Release|Any CPU.ActiveCfg = Release|Any CPU
		{E6EA4289-C809-4B0D-A616-6D3F0E8885C4}.Release|Any CPU.Build.0 = Release|Any CPU
	EndGlobalSection
	GlobalSection(SolutionProperties) = preSolution
		HideSolutionNode = FALSE
	EndGlobalSection
	GlobalSection(ExtensibilityGlobals) = postSolution
		SolutionGuid = {FC14FC16-6DBC-4ACC-A2C2-9ED8A6D978D5}
	EndGlobalSection
EndGlobal
